<?xml version="1.0" encoding="utf-8"?>
<Project ToolsVersion="4.0" xmlns="http://schemas.microsoft.com/developer/msbuild/2003">
  <ItemGroup>
    <Filter Include="Source Files">
      <UniqueIdentifier>{4FC737F1-C7A5-4376-A066-2A32D752A2FF}</UniqueIdentifier>
      <Extensions>cpp;c;cc;cxx;def;odl;idl;hpj;bat;asm;asmx</Extensions>
    </Filter>
    <Filter Include="Header Files">
      <UniqueIdentifier>{93995380-89BD-4b04-88EB-625FBE52EBFB}</UniqueIdentifier>
      <Extensions>h;hh;hpp;hxx;hm;inl;inc;ipp;xsd</Extensions>
    </Filter>
    <Filter Include="Resource Files">
      <UniqueIdentifier>{67DA6AB6-F800-4c08-8B7A-83BB121AAD01}</UniqueIdentifier>
      <Extensions>rc;ico;cur;bmp;dlg;rc2;rct;bin;rgs;gif;jpg;jpeg;jpe;resx;tiff;tif;png;wav;mfcribbon-ms</Extensions>
    </Filter>
    <Filter Include="Handler">
      <UniqueIdentifier>{f74209e3-4f01-4a36-a902-747dc66644e4}</UniqueIdentifier>
    </Filter>
    <Filter Include="Object">
      <UniqueIdentifier>{6d2ffdf3-c57c-48e9-aaf7-cac2b42aba3a}</UniqueIdentifier>
    </Filter>
    <Filter Include="Sprite">
      <UniqueIdentifier>{81e92e2b-5000-40c7-94d4-3ddf77d54bd2}</UniqueIdentifier>
    </Filter>
    <Filter Include="Utils">
      <UniqueIdentifier>{a808a1d7-addf-4a16-9d41-4d1c7d146ef1}</UniqueIdentifier>
    </Filter>
    <Filter Include="WindowGame">
      <UniqueIdentifier>{b300c36c-672e-4859-9e6b-08e2463219e0}</UniqueIdentifier>
    </Filter>
    <Filter Include="CameraAndMap">
      <UniqueIdentifier>{b6b2e5f9-fc2e-4545-8b71-ff176cd36aec}</UniqueIdentifier>
    </Filter>
  </ItemGroup>
  <ItemGroup>
    <ClCompile Include="Main.cpp">
      <Filter>Source Files</Filter>
    </ClCompile>
    <ClCompile Include="Game.cpp">
      <Filter>Source Files</Filter>
    </ClCompile>
    <ClCompile Include="CSampleKeyHandler.cpp">
      <Filter>Handler</Filter>
    </ClCompile>
    <ClCompile Include="Textures.cpp">
      <Filter>Sprite</Filter>
    </ClCompile>
    <ClCompile Include="Sprites.cpp">
      <Filter>Sprite</Filter>
    </ClCompile>
    <ClCompile Include="GameObject.cpp">
      <Filter>Object</Filter>
    </ClCompile>
    <ClCompile Include="Debug.cpp">
      <Filter>Utils</Filter>
    </ClCompile>
    <ClCompile Include="CWindow.cpp">
      <Filter>WindowGame</Filter>
    </ClCompile>
    <ClCompile Include="CPlayer.cpp">
      <Filter>Object</Filter>
    </ClCompile>
    <ClCompile Include="DirectionTexture.cpp">
      <Filter>Utils</Filter>
    </ClCompile>
    <ClCompile Include="Camera.cpp">
      <Filter>CameraAndMap</Filter>
    </ClCompile>
    <ClCompile Include="TileMap.cpp">
      <Filter>CameraAndMap</Filter>
    </ClCompile>
  </ItemGroup>
  <ItemGroup>
    <ClInclude Include="Game.h">
      <Filter>Header Files</Filter>
    </ClInclude>
    <ClInclude Include="CSampleKeyHandler.h">
      <Filter>Handler</Filter>
    </ClInclude>
    <ClInclude Include="Textures.h">
      <Filter>Sprite</Filter>
    </ClInclude>
    <ClInclude Include="Sprites.h">
      <Filter>Sprite</Filter>
    </ClInclude>
    <ClInclude Include="GameObject.h">
      <Filter>Object</Filter>
    </ClInclude>
    <ClInclude Include="CKeyEventHandler.h">
      <Filter>Handler</Filter>
    </ClInclude>
    <ClInclude Include="Debug.h">
      <Filter>Utils</Filter>
    </ClInclude>
    <ClInclude Include="CWindow.h">
      <Filter>WindowGame</Filter>
    </ClInclude>
    <ClInclude Include="CPlayer.h">
      <Filter>Object</Filter>
    </ClInclude>
    <ClInclude Include="DirectionTexture.h">
      <Filter>Utils</Filter>
    </ClInclude>
    <ClInclude Include="Camera.h">
      <Filter>CameraAndMap</Filter>
    </ClInclude>
    <ClInclude Include="TileMap.h">
      <Filter>CameraAndMap</Filter>
    </ClInclude>
  </ItemGroup>
</Project>